<Solution>
  <Folder Name="/Blue/">
    <Project Path="TankSwarmCode.AiCortex.Blue/TankSwarmCode.AiCortex.Blue.csproj" />
    <Project Path="TankSwarmCode.SwarmTanks.Blue.Engineering/TankSwarmCode.SwarmTanks.Blue.Engineering.shproj" Id="6531f24e-9e37-4b42-8bfa-781b5fc54386" />
    <Project Path="TankSwarmCode.SwarmTanks.Blue/TankSwarmCode.SwarmTanks.Blue.csproj" Id="be78a83d-584a-4e89-bdac-f64806767d51" />
  </Folder>
  <Folder Name="/Red/">
    <Project Path="TankSwarmCode.AiCortex.Red/TankSwarmCode.AiCortex.Red.csproj" />
    <Project Path="TankSwarmCode.SwarmTanks.Red.Engineering/TankSwarmCode.SwarmTanks.Red.Engineering.shproj" Id="3d32ee64-dba8-4cf5-9fd5-aa5ceb81091a" />
    <Project Path="TankSwarmCode.SwarmTanks.Red/TankSwarmCode.SwarmTanks.Red.csproj" Id="8057c000-7f96-4207-9bbf-47b82e799357" />
  </Folder>
  <Folder Name="/Solution Items/">
    <File Path=".gitattributes" />
    <File Path=".gitignore" />
    <File Path="AutonomousLoop.cmd" />
    <File Path="AutonomousLoop.md" />
    <File Path="AutoResearch.md" />
    <File Path="Claude--dangerously-skip-permissions.cmd" />
    <File Path="README.md" />
    <File Path="TheKarpathyLoop.png" />
  </Folder>
  <Project Path="Documentation/Documentation.shproj" Id="077cdfac-1e54-47ed-87fb-188e5052fbae" />
  <Project Path="Research/Research.shproj" Id="f19ca849-4160-4b0f-9c68-880650266a95" />
  <Project Path="TankSwarmCode.Arena.Interfaces/TankSwarmCode.Arena.Interfaces.csproj" Id="ff66c312-fa57-41df-830f-eb6e5815bf29" />
  <Project Path="TankSwarmCode.Arena/TankSwarmCode.Arena.csproj" />
  <Project Path="TankSwarmCode.Cli.Engineering/TankSwarmCode.Cli.Engineering.shproj" Id="038d9c79-bffb-4e29-b84b-8e82f3378d09" />
  <Project Path="TankSwarmCode.Cli/TankSwarmCode.Cli.csproj" />
  <Project Path="TankSwarmCode.Gui/TankSwarmCode.Gui.csproj" />
<Project Path="TankSwarmCode.SwarmTank/TankSwarmCode.SwarmTank.csproj" Id="5b4e4794-f61c-41b4-a6b8-d379ee891ca4" />
</Solution>
