<Solution>
  <Folder Name="/Solution Items/">
    <File Path="Claude--dangerously-skip-permissions.cmd" />
  </Folder>
  <Project Path="TankSwarmCode.Arena.Interfaces/TankSwarmCode.Arena.Interfaces.csproj" Id="ff66c312-fa57-41df-830f-eb6e5815bf29" />
  <Project Path="TankSwarmCode.Arena/TankSwarmCode.Arena.csproj" />
  <Project Path="TankSwarmCode.SwarmTank.Interfaces/TankSwarmCode.SwarmTank.Interfaces.csproj" Id="249030bd-c1c8-4699-94f1-1c1975a0f18d" />
  <Project Path="TankSwarmCode.SwarmTank/TankSwarmCode.SwarmTank.csproj" Id="5b4e4794-f61c-41b4-a6b8-d379ee891ca4" />
  <Project Path="TankSwarmCode.SwarmTanks.Blue/TankSwarmCode.SwarmTanks.Blue.csproj" Id="be78a83d-584a-4e89-bdac-f64806767d51" />
  <Project Path="TankSwarmCode.SwarmTanks.Red/TankSwarmCode.SwarmTanks.Red.csproj" Id="8057c000-7f96-4207-9bbf-47b82e799357" />
  <Project Path="TankSwarmCode/TankSwarmCode.csproj" />
</Solution>
